
Microsoft Visual Studio Solution File, Format Version 12.00
# Visual Studio Version 16
VisualStudioVersion = 16.0.30523.141
MinimumVisualStudioVersion = 10.0.40219.1
Project("{FAE04EC0-301F-11D3-BF4B-00C04F79EFBC}") = "2-Course-Work", "2-Course-Work\2-Course-Work.csproj", "{12DD896C-124E-472C-A7B3-3804F4D4B8A2}"
EndProject
Global
	GlobalSection(SolutionConfigurationPlatforms) = preSolution
		Debug|Any CPU = Debug|Any CPU
		Release|Any CPU = Release|Any CPU
	EndGlobalSection
	GlobalSection(ProjectConfigurationPlatforms) = postSolution
		{12DD896C-124E-472C-A7B3-3804F4D4B8A2}.Debug|Any CPU.ActiveCfg = Debug|Any CPU
		{12DD896C-124E-472C-A7B3-3804F4D4B8A2}.Debug|Any CPU.Build.0 = Debug|Any CPU
		{12DD896C-124E-472C-A7B3-3804F4D4B8A2}.Release|Any CPU.ActiveCfg = Release|Any CPU
		{12DD896C-124E-472C-A7B3-3804F4D4B8A2}.Release|Any CPU.Build.0 = Release|Any CPU
	EndGlobalSection
	GlobalSection(SolutionProperties) = preSolution
		HideSolutionNode = FALSE
	EndGlobalSection
	GlobalSection(ExtensibilityGlobals) = postSolution
		SolutionGuid = {6FBE87B3-88EB-42B4-9E7F-EB9027AEFEAE}
	EndGlobalSection
EndGlobal
